
Microsoft Visual Studio Solution File, Format Version 12.00
# Visual Studio 15
VisualStudioVersion = 15.0.28307.539
MinimumVisualStudioVersion = 10.0.40219.1
Project("{FAE04EC0-301F-11D3-BF4B-00C04F79EFBC}") = "Calculator", "Calculator\Calculator.csproj", "{35296F87-CEE2-4987-B7AA-1E2D80CBE1BA}"
EndProject
Global
	GlobalSection(SolutionConfigurationPlatforms) = preSolution
		Debug|Any CPU = Debug|Any CPU
		Release|Any CPU = Release|Any CPU
	EndGlobalSection
	GlobalSection(ProjectConfigurationPlatforms) = postSolution
		{35296F87-CEE2-4987-B7AA-1E2D80CBE1BA}.Debug|Any CPU.ActiveCfg = Debug|Any CPU
		{35296F87-CEE2-4987-B7AA-1E2D80CBE1BA}.Debug|Any CPU.Build.0 = Debug|Any CPU
		{35296F87-CEE2-4987-B7AA-1E2D80CBE1BA}.Release|Any CPU.ActiveCfg = Release|Any CPU
		{35296F87-CEE2-4987-B7AA-1E2D80CBE1BA}.Release|Any CPU.Build.0 = Release|Any CPU
	EndGlobalSection
	GlobalSection(SolutionProperties) = preSolution
		HideSolutionNode = FALSE
	EndGlobalSection
	GlobalSection(ExtensibilityGlobals) = postSolution
		SolutionGuid = {DE93C566-8926-47A9-9715-A2DFD66E3CDC}
	EndGlobalSection
EndGlobal
